
Microsoft Visual Studio Solution File, Format Version 12.00
# Visual Studio 14
VisualStudioVersion = 14.0.24720.0
MinimumVisualStudioVersion = 10.0.40219.1
Project("{FAE04EC0-301F-11D3-BF4B-00C04F79EFBC}") = "c3o.Core", "c3o.Core\c3o.Core.csproj", "{FBCF6B06-1C97-4404-9B5A-27EB6C443932}"
EndProject
Project("{FAE04EC0-301F-11D3-BF4B-00C04F79EFBC}") = "c3o.Logger.Data", "c3o.Logger.Data\c3o.Logger.Data.csproj", "{31F13DA5-3F60-488B-B925-E96F546774C1}"
EndProject
Project("{FAE04EC0-301F-11D3-BF4B-00C04F79EFBC}") = "c3o.Logger.Api", "c3o.Logger.Api\c3o.Logger.Api.csproj", "{E502D4FD-DC87-4BF9-AF05-5E67C1F7D72C}"
EndProject
Project("{FAE04EC0-301F-11D3-BF4B-00C04F79EFBC}") = "c3o.Logger.Web", "c3o.Logger.Web\c3o.Logger.Web.csproj", "{C7C1FD74-2405-4C86-B56B-B7A286616B15}"
EndProject
Project("{FAE04EC0-301F-11D3-BF4B-00C04F79EFBC}") = "c3o.Logger.Test", "c3o.Logger.Test\c3o.Logger.Test.csproj", "{82D444D4-D1B4-4A5E-9843-C3C82A81FAFA}"
EndProject
Global
	GlobalSection(SolutionConfigurationPlatforms) = preSolution
		BCM.001|Any CPU = BCM.001|Any CPU
		BCM.Garland|Any CPU = BCM.Garland|Any CPU
		BCM.MaryKay|Any CPU = BCM.MaryKay|Any CPU
		BCM.Pec|Any CPU = BCM.Pec|Any CPU
		Brinks|Any CPU = Brinks|Any CPU
		Debug|Any CPU = Debug|Any CPU
		Demo|Any CPU = Demo|Any CPU
		Release|Any CPU = Release|Any CPU
		Test|Any CPU = Test|Any CPU
	EndGlobalSection
	GlobalSection(ProjectConfigurationPlatforms) = postSolution
		{FBCF6B06-1C97-4404-9B5A-27EB6C443932}.BCM.001|Any CPU.ActiveCfg = Release|Any CPU
		{FBCF6B06-1C97-4404-9B5A-27EB6C443932}.BCM.001|Any CPU.Build.0 = Release|Any CPU
		{FBCF6B06-1C97-4404-9B5A-27EB6C443932}.BCM.Garland|Any CPU.ActiveCfg = Release|Any CPU
		{FBCF6B06-1C97-4404-9B5A-27EB6C443932}.BCM.Garland|Any CPU.Build.0 = Release|Any CPU
		{FBCF6B06-1C97-4404-9B5A-27EB6C443932}.BCM.MaryKay|Any CPU.ActiveCfg = Release|Any CPU
		{FBCF6B06-1C97-4404-9B5A-27EB6C443932}.BCM.MaryKay|Any CPU.Build.0 = Release|Any CPU
		{FBCF6B06-1C97-4404-9B5A-27EB6C443932}.BCM.Pec|Any CPU.ActiveCfg = Release|Any CPU
		{FBCF6B06-1C97-4404-9B5A-27EB6C443932}.BCM.Pec|Any CPU.Build.0 = Release|Any CPU
		{FBCF6B06-1C97-4404-9B5A-27EB6C443932}.Brinks|Any CPU.ActiveCfg = Release|Any CPU
		{FBCF6B06-1C97-4404-9B5A-27EB6C443932}.Brinks|Any CPU.Build.0 = Release|Any CPU
		{FBCF6B06-1C97-4404-9B5A-27EB6C443932}.Debug|Any CPU.ActiveCfg = Debug|Any CPU
		{FBCF6B06-1C97-4404-9B5A-27EB6C443932}.Debug|Any CPU.Build.0 = Debug|Any CPU
		{FBCF6B06-1C97-4404-9B5A-27EB6C443932}.Demo|Any CPU.ActiveCfg = Debug|Any CPU
		{FBCF6B06-1C97-4404-9B5A-27EB6C443932}.Demo|Any CPU.Build.0 = Debug|Any CPU
		{FBCF6B06-1C97-4404-9B5A-27EB6C443932}.Release|Any CPU.ActiveCfg = Release|Any CPU
		{FBCF6B06-1C97-4404-9B5A-27EB6C443932}.Release|Any CPU.Build.0 = Release|Any CPU
		{FBCF6B06-1C97-4404-9B5A-27EB6C443932}.Test|Any CPU.ActiveCfg = Release|Any CPU
		{FBCF6B06-1C97-4404-9B5A-27EB6C443932}.Test|Any CPU.Build.0 = Release|Any CPU
		{31F13DA5-3F60-488B-B925-E96F546774C1}.BCM.001|Any CPU.ActiveCfg = Release|Any CPU
		{31F13DA5-3F60-488B-B925-E96F546774C1}.BCM.001|Any CPU.Build.0 = Release|Any CPU
		{31F13DA5-3F60-488B-B925-E96F546774C1}.BCM.Garland|Any CPU.ActiveCfg = Release|Any CPU
		{31F13DA5-3F60-488B-B925-E96F546774C1}.BCM.Garland|Any CPU.Build.0 = Release|Any CPU
		{31F13DA5-3F60-488B-B925-E96F546774C1}.BCM.MaryKay|Any CPU.ActiveCfg = Release|Any CPU
		{31F13DA5-3F60-488B-B925-E96F546774C1}.BCM.MaryKay|Any CPU.Build.0 = Release|Any CPU
		{31F13DA5-3F60-488B-B925-E96F546774C1}.BCM.Pec|Any CPU.ActiveCfg = Release|Any CPU
		{31F13DA5-3F60-488B-B925-E96F546774C1}.BCM.Pec|Any CPU.Build.0 = Release|Any CPU
		{31F13DA5-3F60-488B-B925-E96F546774C1}.Brinks|Any CPU.ActiveCfg = Release|Any CPU
		{31F13DA5-3F60-488B-B925-E96F546774C1}.Brinks|Any CPU.Build.0 = Release|Any CPU
		{31F13DA5-3F60-488B-B925-E96F546774C1}.Debug|Any CPU.ActiveCfg = Debug|Any CPU
		{31F13DA5-3F60-488B-B925-E96F546774C1}.Debug|Any CPU.Build.0 = Debug|Any CPU
		{31F13DA5-3F60-488B-B925-E96F546774C1}.Demo|Any CPU.ActiveCfg = Debug|Any CPU
		{31F13DA5-3F60-488B-B925-E96F546774C1}.Demo|Any CPU.Build.0 = Debug|Any CPU
		{31F13DA5-3F60-488B-B925-E96F546774C1}.Release|Any CPU.ActiveCfg = Release|Any CPU
		{31F13DA5-3F60-488B-B925-E96F546774C1}.Release|Any CPU.Build.0 = Release|Any CPU
		{31F13DA5-3F60-488B-B925-E96F546774C1}.Test|Any CPU.ActiveCfg = Release|Any CPU
		{31F13DA5-3F60-488B-B925-E96F546774C1}.Test|Any CPU.Build.0 = Release|Any CPU
		{E502D4FD-DC87-4BF9-AF05-5E67C1F7D72C}.BCM.001|Any CPU.ActiveCfg = Release|Any CPU
		{E502D4FD-DC87-4BF9-AF05-5E67C1F7D72C}.BCM.001|Any CPU.Build.0 = Release|Any CPU
		{E502D4FD-DC87-4BF9-AF05-5E67C1F7D72C}.BCM.Garland|Any CPU.ActiveCfg = Release|Any CPU
		{E502D4FD-DC87-4BF9-AF05-5E67C1F7D72C}.BCM.Garland|Any CPU.Build.0 = Release|Any CPU
		{E502D4FD-DC87-4BF9-AF05-5E67C1F7D72C}.BCM.MaryKay|Any CPU.ActiveCfg = Release|Any CPU
		{E502D4FD-DC87-4BF9-AF05-5E67C1F7D72C}.BCM.MaryKay|Any CPU.Build.0 = Release|Any CPU
		{E502D4FD-DC87-4BF9-AF05-5E67C1F7D72C}.BCM.Pec|Any CPU.ActiveCfg = Release|Any CPU
		{E502D4FD-DC87-4BF9-AF05-5E67C1F7D72C}.BCM.Pec|Any CPU.Build.0 = Release|Any CPU
		{E502D4FD-DC87-4BF9-AF05-5E67C1F7D72C}.Brinks|Any CPU.ActiveCfg = Release|Any CPU
		{E502D4FD-DC87-4BF9-AF05-5E67C1F7D72C}.Brinks|Any CPU.Build.0 = Release|Any CPU
		{E502D4FD-DC87-4BF9-AF05-5E67C1F7D72C}.Debug|Any CPU.ActiveCfg = Debug|Any CPU
		{E502D4FD-DC87-4BF9-AF05-5E67C1F7D72C}.Debug|Any CPU.Build.0 = Debug|Any CPU
		{E502D4FD-DC87-4BF9-AF05-5E67C1F7D72C}.Demo|Any CPU.ActiveCfg = Debug|Any CPU
		{E502D4FD-DC87-4BF9-AF05-5E67C1F7D72C}.Demo|Any CPU.Build.0 = Debug|Any CPU
		{E502D4FD-DC87-4BF9-AF05-5E67C1F7D72C}.Release|Any CPU.ActiveCfg = Release|Any CPU
		{E502D4FD-DC87-4BF9-AF05-5E67C1F7D72C}.Release|Any CPU.Build.0 = Release|Any CPU
		{E502D4FD-DC87-4BF9-AF05-5E67C1F7D72C}.Test|Any CPU.ActiveCfg = Release|Any CPU
		{E502D4FD-DC87-4BF9-AF05-5E67C1F7D72C}.Test|Any CPU.Build.0 = Release|Any CPU
		{C7C1FD74-2405-4C86-B56B-B7A286616B15}.BCM.001|Any CPU.ActiveCfg = Release|Any CPU
		{C7C1FD74-2405-4C86-B56B-B7A286616B15}.BCM.001|Any CPU.Build.0 = Release|Any CPU
		{C7C1FD74-2405-4C86-B56B-B7A286616B15}.BCM.Garland|Any CPU.ActiveCfg = Release|Any CPU
		{C7C1FD74-2405-4C86-B56B-B7A286616B15}.BCM.Garland|Any CPU.Build.0 = Release|Any CPU
		{C7C1FD74-2405-4C86-B56B-B7A286616B15}.BCM.MaryKay|Any CPU.ActiveCfg = Release|Any CPU
		{C7C1FD74-2405-4C86-B56B-B7A286616B15}.BCM.MaryKay|Any CPU.Build.0 = Release|Any CPU
		{C7C1FD74-2405-4C86-B56B-B7A286616B15}.BCM.Pec|Any CPU.ActiveCfg = Release|Any CPU
		{C7C1FD74-2405-4C86-B56B-B7A286616B15}.BCM.Pec|Any CPU.Build.0 = Release|Any CPU
		{C7C1FD74-2405-4C86-B56B-B7A286616B15}.Brinks|Any CPU.ActiveCfg = Release|Any CPU
		{C7C1FD74-2405-4C86-B56B-B7A286616B15}.Brinks|Any CPU.Build.0 = Release|Any CPU
		{C7C1FD74-2405-4C86-B56B-B7A286616B15}.Debug|Any CPU.ActiveCfg = Debug|Any CPU
		{C7C1FD74-2405-4C86-B56B-B7A286616B15}.Debug|Any CPU.Build.0 = Debug|Any CPU
		{C7C1FD74-2405-4C86-B56B-B7A286616B15}.Demo|Any CPU.ActiveCfg = Debug|Any CPU
		{C7C1FD74-2405-4C86-B56B-B7A286616B15}.Demo|Any CPU.Build.0 = Debug|Any CPU
		{C7C1FD74-2405-4C86-B56B-B7A286616B15}.Release|Any CPU.ActiveCfg = Release|Any CPU
		{C7C1FD74-2405-4C86-B56B-B7A286616B15}.Release|Any CPU.Build.0 = Release|Any CPU
		{C7C1FD74-2405-4C86-B56B-B7A286616B15}.Test|Any CPU.ActiveCfg = Release|Any CPU
		{C7C1FD74-2405-4C86-B56B-B7A286616B15}.Test|Any CPU.Build.0 = Release|Any CPU
		{82D444D4-D1B4-4A5E-9843-C3C82A81FAFA}.BCM.001|Any CPU.ActiveCfg = Release|Any CPU
		{82D444D4-D1B4-4A5E-9843-C3C82A81FAFA}.BCM.001|Any CPU.Build.0 = Release|Any CPU
		{82D444D4-D1B4-4A5E-9843-C3C82A81FAFA}.BCM.Garland|Any CPU.ActiveCfg = Release|Any CPU
		{82D444D4-D1B4-4A5E-9843-C3C82A81FAFA}.BCM.Garland|Any CPU.Build.0 = Release|Any CPU
		{82D444D4-D1B4-4A5E-9843-C3C82A81FAFA}.BCM.MaryKay|Any CPU.ActiveCfg = Release|Any CPU
		{82D444D4-D1B4-4A5E-9843-C3C82A81FAFA}.BCM.MaryKay|Any CPU.Build.0 = Release|Any CPU
		{82D444D4-D1B4-4A5E-9843-C3C82A81FAFA}.BCM.Pec|Any CPU.ActiveCfg = Release|Any CPU
		{82D444D4-D1B4-4A5E-9843-C3C82A81FAFA}.BCM.Pec|Any CPU.Build.0 = Release|Any CPU
		{82D444D4-D1B4-4A5E-9843-C3C82A81FAFA}.Brinks|Any CPU.ActiveCfg = Release|Any CPU
		{82D444D4-D1B4-4A5E-9843-C3C82A81FAFA}.Brinks|Any CPU.Build.0 = Release|Any CPU
		{82D444D4-D1B4-4A5E-9843-C3C82A81FAFA}.Debug|Any CPU.ActiveCfg = Debug|Any CPU
		{82D444D4-D1B4-4A5E-9843-C3C82A81FAFA}.Debug|Any CPU.Build.0 = Debug|Any CPU
		{82D444D4-D1B4-4A5E-9843-C3C82A81FAFA}.Demo|Any CPU.ActiveCfg = Debug|Any CPU
		{82D444D4-D1B4-4A5E-9843-C3C82A81FAFA}.Demo|Any CPU.Build.0 = Debug|Any CPU
		{82D444D4-D1B4-4A5E-9843-C3C82A81FAFA}.Release|Any CPU.ActiveCfg = Release|Any CPU
		{82D444D4-D1B4-4A5E-9843-C3C82A81FAFA}.Release|Any CPU.Build.0 = Release|Any CPU
		{82D444D4-D1B4-4A5E-9843-C3C82A81FAFA}.Test|Any CPU.ActiveCfg = Release|Any CPU
		{82D444D4-D1B4-4A5E-9843-C3C82A81FAFA}.Test|Any CPU.Build.0 = Release|Any CPU
	EndGlobalSection
	GlobalSection(SolutionProperties) = preSolution
		HideSolutionNode = FALSE
	EndGlobalSection
EndGlobal
