
Microsoft Visual Studio Solution File, Format Version 12.00
# Visual Studio 14
VisualStudioVersion = 14.0.24720.0
MinimumVisualStudioVersion = 10.0.40219.1
Project("{FAE04EC0-301F-11D3-BF4B-00C04F79EFBC}") = "Elmah.Logger.Api", "Elmah.Logger.Api\Elmah.Logger.Api.csproj", "{895A0CBF-8FD1-46F5-84FE-8D8A058882D4}"
EndProject
Project("{FAE04EC0-301F-11D3-BF4B-00C04F79EFBC}") = "Elmah.Logger.Core", "Elmah.Logger.Core\Elmah.Logger.Core.csproj", "{4A642633-2BC6-425A-B7BF-1CB35C4D74A4}"
EndProject
Project("{FAE04EC0-301F-11D3-BF4B-00C04F79EFBC}") = "Elmah.Logger.Data", "Elmah.Logger.Data\Elmah.Logger.Data.csproj", "{85C01EF9-3CE0-4EBE-B519-C027C92939E1}"
EndProject
Project("{FAE04EC0-301F-11D3-BF4B-00C04F79EFBC}") = "Elmah.Logger.Instance", "Elmah.Logger.Instance\Elmah.Logger.Instance.csproj", "{23708656-F283-4D93-B539-186B7A2E694A}"
EndProject
Project("{FAE04EC0-301F-11D3-BF4B-00C04F79EFBC}") = "Elmah.Logger.Web", "Elmah.Logger.Web\Elmah.Logger.Web.csproj", "{480B49FB-D461-4FF9-BF3D-3716C9353903}"
EndProject
Global
	GlobalSection(SubversionScc) = preSolution
		Svn-Managed = True
		Manager = AnkhSVN - Subversion Support for Visual Studio
	EndGlobalSection
	GlobalSection(SolutionConfigurationPlatforms) = preSolution
		BCM.001|Any CPU = BCM.001|Any CPU
		BCM.Garland|Any CPU = BCM.Garland|Any CPU
		BCM.MaryKay|Any CPU = BCM.MaryKay|Any CPU
		BCM.Pec|Any CPU = BCM.Pec|Any CPU
		Brinks|Any CPU = Brinks|Any CPU
		Debug|Any CPU = Debug|Any CPU
		Demo|Any CPU = Demo|Any CPU
		Release|Any CPU = Release|Any CPU
		Test|Any CPU = Test|Any CPU
	EndGlobalSection
	GlobalSection(ProjectConfigurationPlatforms) = postSolution
		{895A0CBF-8FD1-46F5-84FE-8D8A058882D4}.BCM.001|Any CPU.ActiveCfg = Release|Any CPU
		{895A0CBF-8FD1-46F5-84FE-8D8A058882D4}.BCM.001|Any CPU.Build.0 = Release|Any CPU
		{895A0CBF-8FD1-46F5-84FE-8D8A058882D4}.BCM.Garland|Any CPU.ActiveCfg = Release|Any CPU
		{895A0CBF-8FD1-46F5-84FE-8D8A058882D4}.BCM.Garland|Any CPU.Build.0 = Release|Any CPU
		{895A0CBF-8FD1-46F5-84FE-8D8A058882D4}.BCM.MaryKay|Any CPU.ActiveCfg = Release|Any CPU
		{895A0CBF-8FD1-46F5-84FE-8D8A058882D4}.BCM.MaryKay|Any CPU.Build.0 = Release|Any CPU
		{895A0CBF-8FD1-46F5-84FE-8D8A058882D4}.BCM.Pec|Any CPU.ActiveCfg = Release|Any CPU
		{895A0CBF-8FD1-46F5-84FE-8D8A058882D4}.BCM.Pec|Any CPU.Build.0 = Release|Any CPU
		{895A0CBF-8FD1-46F5-84FE-8D8A058882D4}.Brinks|Any CPU.ActiveCfg = Release|Any CPU
		{895A0CBF-8FD1-46F5-84FE-8D8A058882D4}.Brinks|Any CPU.Build.0 = Release|Any CPU
		{895A0CBF-8FD1-46F5-84FE-8D8A058882D4}.Debug|Any CPU.ActiveCfg = Debug|Any CPU
		{895A0CBF-8FD1-46F5-84FE-8D8A058882D4}.Debug|Any CPU.Build.0 = Debug|Any CPU
		{895A0CBF-8FD1-46F5-84FE-8D8A058882D4}.Demo|Any CPU.ActiveCfg = Debug|Any CPU
		{895A0CBF-8FD1-46F5-84FE-8D8A058882D4}.Demo|Any CPU.Build.0 = Debug|Any CPU
		{895A0CBF-8FD1-46F5-84FE-8D8A058882D4}.Release|Any CPU.ActiveCfg = Release|Any CPU
		{895A0CBF-8FD1-46F5-84FE-8D8A058882D4}.Release|Any CPU.Build.0 = Release|Any CPU
		{895A0CBF-8FD1-46F5-84FE-8D8A058882D4}.Test|Any CPU.ActiveCfg = Release|Any CPU
		{895A0CBF-8FD1-46F5-84FE-8D8A058882D4}.Test|Any CPU.Build.0 = Release|Any CPU
		{4A642633-2BC6-425A-B7BF-1CB35C4D74A4}.BCM.001|Any CPU.ActiveCfg = Release|Any CPU
		{4A642633-2BC6-425A-B7BF-1CB35C4D74A4}.BCM.001|Any CPU.Build.0 = Release|Any CPU
		{4A642633-2BC6-425A-B7BF-1CB35C4D74A4}.BCM.Garland|Any CPU.ActiveCfg = Release|Any CPU
		{4A642633-2BC6-425A-B7BF-1CB35C4D74A4}.BCM.Garland|Any CPU.Build.0 = Release|Any CPU
		{4A642633-2BC6-425A-B7BF-1CB35C4D74A4}.BCM.MaryKay|Any CPU.ActiveCfg = Release|Any CPU
		{4A642633-2BC6-425A-B7BF-1CB35C4D74A4}.BCM.MaryKay|Any CPU.Build.0 = Release|Any CPU
		{4A642633-2BC6-425A-B7BF-1CB35C4D74A4}.BCM.Pec|Any CPU.ActiveCfg = Release|Any CPU
		{4A642633-2BC6-425A-B7BF-1CB35C4D74A4}.BCM.Pec|Any CPU.Build.0 = Release|Any CPU
		{4A642633-2BC6-425A-B7BF-1CB35C4D74A4}.Brinks|Any CPU.ActiveCfg = Release|Any CPU
		{4A642633-2BC6-425A-B7BF-1CB35C4D74A4}.Brinks|Any CPU.Build.0 = Release|Any CPU
		{4A642633-2BC6-425A-B7BF-1CB35C4D74A4}.Debug|Any CPU.ActiveCfg = Debug|Any CPU
		{4A642633-2BC6-425A-B7BF-1CB35C4D74A4}.Debug|Any CPU.Build.0 = Debug|Any CPU
		{4A642633-2BC6-425A-B7BF-1CB35C4D74A4}.Demo|Any CPU.ActiveCfg = Debug|Any CPU
		{4A642633-2BC6-425A-B7BF-1CB35C4D74A4}.Demo|Any CPU.Build.0 = Debug|Any CPU
		{4A642633-2BC6-425A-B7BF-1CB35C4D74A4}.Release|Any CPU.ActiveCfg = Release|Any CPU
		{4A642633-2BC6-425A-B7BF-1CB35C4D74A4}.Release|Any CPU.Build.0 = Release|Any CPU
		{4A642633-2BC6-425A-B7BF-1CB35C4D74A4}.Test|Any CPU.ActiveCfg = Release|Any CPU
		{4A642633-2BC6-425A-B7BF-1CB35C4D74A4}.Test|Any CPU.Build.0 = Release|Any CPU
		{85C01EF9-3CE0-4EBE-B519-C027C92939E1}.BCM.001|Any CPU.ActiveCfg = Release|Any CPU
		{85C01EF9-3CE0-4EBE-B519-C027C92939E1}.BCM.001|Any CPU.Build.0 = Release|Any CPU
		{85C01EF9-3CE0-4EBE-B519-C027C92939E1}.BCM.Garland|Any CPU.ActiveCfg = Release|Any CPU
		{85C01EF9-3CE0-4EBE-B519-C027C92939E1}.BCM.Garland|Any CPU.Build.0 = Release|Any CPU
		{85C01EF9-3CE0-4EBE-B519-C027C92939E1}.BCM.MaryKay|Any CPU.ActiveCfg = Release|Any CPU
		{85C01EF9-3CE0-4EBE-B519-C027C92939E1}.BCM.MaryKay|Any CPU.Build.0 = Release|Any CPU
		{85C01EF9-3CE0-4EBE-B519-C027C92939E1}.BCM.Pec|Any CPU.ActiveCfg = Release|Any CPU
		{85C01EF9-3CE0-4EBE-B519-C027C92939E1}.BCM.Pec|Any CPU.Build.0 = Release|Any CPU
		{85C01EF9-3CE0-4EBE-B519-C027C92939E1}.Brinks|Any CPU.ActiveCfg = Release|Any CPU
		{85C01EF9-3CE0-4EBE-B519-C027C92939E1}.Brinks|Any CPU.Build.0 = Release|Any CPU
		{85C01EF9-3CE0-4EBE-B519-C027C92939E1}.Debug|Any CPU.ActiveCfg = Debug|Any CPU
		{85C01EF9-3CE0-4EBE-B519-C027C92939E1}.Debug|Any CPU.Build.0 = Debug|Any CPU
		{85C01EF9-3CE0-4EBE-B519-C027C92939E1}.Demo|Any CPU.ActiveCfg = Debug|Any CPU
		{85C01EF9-3CE0-4EBE-B519-C027C92939E1}.Demo|Any CPU.Build.0 = Debug|Any CPU
		{85C01EF9-3CE0-4EBE-B519-C027C92939E1}.Release|Any CPU.ActiveCfg = Release|Any CPU
		{85C01EF9-3CE0-4EBE-B519-C027C92939E1}.Release|Any CPU.Build.0 = Release|Any CPU
		{85C01EF9-3CE0-4EBE-B519-C027C92939E1}.Test|Any CPU.ActiveCfg = Release|Any CPU
		{85C01EF9-3CE0-4EBE-B519-C027C92939E1}.Test|Any CPU.Build.0 = Release|Any CPU
		{23708656-F283-4D93-B539-186B7A2E694A}.BCM.001|Any CPU.ActiveCfg = Release|Any CPU
		{23708656-F283-4D93-B539-186B7A2E694A}.BCM.001|Any CPU.Build.0 = Release|Any CPU
		{23708656-F283-4D93-B539-186B7A2E694A}.BCM.Garland|Any CPU.ActiveCfg = Release|Any CPU
		{23708656-F283-4D93-B539-186B7A2E694A}.BCM.Garland|Any CPU.Build.0 = Release|Any CPU
		{23708656-F283-4D93-B539-186B7A2E694A}.BCM.MaryKay|Any CPU.ActiveCfg = Release|Any CPU
		{23708656-F283-4D93-B539-186B7A2E694A}.BCM.MaryKay|Any CPU.Build.0 = Release|Any CPU
		{23708656-F283-4D93-B539-186B7A2E694A}.BCM.Pec|Any CPU.ActiveCfg = Release|Any CPU
		{23708656-F283-4D93-B539-186B7A2E694A}.BCM.Pec|Any CPU.Build.0 = Release|Any CPU
		{23708656-F283-4D93-B539-186B7A2E694A}.Brinks|Any CPU.ActiveCfg = Release|Any CPU
		{23708656-F283-4D93-B539-186B7A2E694A}.Brinks|Any CPU.Build.0 = Release|Any CPU
		{23708656-F283-4D93-B539-186B7A2E694A}.Debug|Any CPU.ActiveCfg = Debug|Any CPU
		{23708656-F283-4D93-B539-186B7A2E694A}.Debug|Any CPU.Build.0 = Debug|Any CPU
		{23708656-F283-4D93-B539-186B7A2E694A}.Demo|Any CPU.ActiveCfg = Debug|Any CPU
		{23708656-F283-4D93-B539-186B7A2E694A}.Demo|Any CPU.Build.0 = Debug|Any CPU
		{23708656-F283-4D93-B539-186B7A2E694A}.Release|Any CPU.ActiveCfg = Release|Any CPU
		{23708656-F283-4D93-B539-186B7A2E694A}.Release|Any CPU.Build.0 = Release|Any CPU
		{23708656-F283-4D93-B539-186B7A2E694A}.Test|Any CPU.ActiveCfg = Release|Any CPU
		{23708656-F283-4D93-B539-186B7A2E694A}.Test|Any CPU.Build.0 = Release|Any CPU
		{480B49FB-D461-4FF9-BF3D-3716C9353903}.BCM.001|Any CPU.ActiveCfg = Release|Any CPU
		{480B49FB-D461-4FF9-BF3D-3716C9353903}.BCM.001|Any CPU.Build.0 = Release|Any CPU
		{480B49FB-D461-4FF9-BF3D-3716C9353903}.BCM.Garland|Any CPU.ActiveCfg = Release|Any CPU
		{480B49FB-D461-4FF9-BF3D-3716C9353903}.BCM.Garland|Any CPU.Build.0 = Release|Any CPU
		{480B49FB-D461-4FF9-BF3D-3716C9353903}.BCM.MaryKay|Any CPU.ActiveCfg = Release|Any CPU
		{480B49FB-D461-4FF9-BF3D-3716C9353903}.BCM.MaryKay|Any CPU.Build.0 = Release|Any CPU
		{480B49FB-D461-4FF9-BF3D-3716C9353903}.BCM.Pec|Any CPU.ActiveCfg = Release|Any CPU
		{480B49FB-D461-4FF9-BF3D-3716C9353903}.BCM.Pec|Any CPU.Build.0 = Release|Any CPU
		{480B49FB-D461-4FF9-BF3D-3716C9353903}.Brinks|Any CPU.ActiveCfg = Release|Any CPU
		{480B49FB-D461-4FF9-BF3D-3716C9353903}.Brinks|Any CPU.Build.0 = Release|Any CPU
		{480B49FB-D461-4FF9-BF3D-3716C9353903}.Debug|Any CPU.ActiveCfg = Debug|Any CPU
		{480B49FB-D461-4FF9-BF3D-3716C9353903}.Debug|Any CPU.Build.0 = Debug|Any CPU
		{480B49FB-D461-4FF9-BF3D-3716C9353903}.Demo|Any CPU.ActiveCfg = Debug|Any CPU
		{480B49FB-D461-4FF9-BF3D-3716C9353903}.Demo|Any CPU.Build.0 = Debug|Any CPU
		{480B49FB-D461-4FF9-BF3D-3716C9353903}.Release|Any CPU.ActiveCfg = Release|Any CPU
		{480B49FB-D461-4FF9-BF3D-3716C9353903}.Release|Any CPU.Build.0 = Release|Any CPU
		{480B49FB-D461-4FF9-BF3D-3716C9353903}.Test|Any CPU.ActiveCfg = Release|Any CPU
		{480B49FB-D461-4FF9-BF3D-3716C9353903}.Test|Any CPU.Build.0 = Release|Any CPU
	EndGlobalSection
	GlobalSection(SolutionProperties) = preSolution
		HideSolutionNode = FALSE
	EndGlobalSection
EndGlobal
