
Microsoft Visual Studio Solution File, Format Version 12.00
# Visual Studio 14
VisualStudioVersion = 14.0.25420.1
MinimumVisualStudioVersion = 10.0.40219.1
Project("{FAE04EC0-301F-11D3-BF4B-00C04F79EFBC}") = "Elmah.Logger.Api", "Elmah.Logger.Api\Elmah.Logger.Api.csproj", "{895A0CBF-8FD1-46F5-84FE-8D8A058882D4}"
EndProject
Project("{FAE04EC0-301F-11D3-BF4B-00C04F79EFBC}") = "Elmah.Logger.Data", "Elmah.Logger.Data\Elmah.Logger.Data.csproj", "{85C01EF9-3CE0-4EBE-B519-C027C92939E1}"
EndProject
Project("{FAE04EC0-301F-11D3-BF4B-00C04F79EFBC}") = "Elmah.Logger.Web", "Elmah.Logger.Web\Elmah.Logger.Web.csproj", "{480B49FB-D461-4FF9-BF3D-3716C9353903}"
EndProject
Project("{2150E333-8FDC-42A3-9474-1A3956D46DE8}") = "Core", "Core", "{185BCCBA-0E4D-4F80-A274-D563EC3A35E0}"
EndProject
Project("{2150E333-8FDC-42A3-9474-1A3956D46DE8}") = "Logger", "Logger", "{5FC6666B-82E8-4909-836C-5496811527F2}"
EndProject
Project("{FAE04EC0-301F-11D3-BF4B-00C04F79EFBC}") = "Elmah.Core", "Elmah.Core\Elmah.Core.csproj", "{5F7A6A1D-A1F1-42F6-861A-F59E1AB30AEE}"
EndProject
Project("{FAE04EC0-301F-11D3-BF4B-00C04F79EFBC}") = "Elmah.Core.Site", "Elmah.Core.Site\Elmah.Core.Site.csproj", "{F16506D5-AE26-4243-9A05-4249B9A41F83}"
EndProject
Project("{2150E333-8FDC-42A3-9474-1A3956D46DE8}") = "Content", "Content", "{C9C9B4B3-BD86-46FA-9277-5A30DABAF4BD}"
	ProjectSection(SolutionItems) = preProject
		README.md = README.md
		content\screenshot-2.png = content\screenshot-2.png
		content\screenshot.png = content\screenshot.png
	EndProjectSection
EndProject
Global
	GlobalSection(SubversionScc) = preSolution
		Svn-Managed = True
		Manager = AnkhSVN - Subversion Support for Visual Studio
	EndGlobalSection
	GlobalSection(SolutionConfigurationPlatforms) = preSolution
		BCM.001|Any CPU = BCM.001|Any CPU
		BCM.Garland|Any CPU = BCM.Garland|Any CPU
		BCM.MaryKay|Any CPU = BCM.MaryKay|Any CPU
		BCM.Pec|Any CPU = BCM.Pec|Any CPU
		Brinks|Any CPU = Brinks|Any CPU
		Debug|Any CPU = Debug|Any CPU
		Demo|Any CPU = Demo|Any CPU
		Release|Any CPU = Release|Any CPU
		Test|Any CPU = Test|Any CPU
	EndGlobalSection
	GlobalSection(ProjectConfigurationPlatforms) = postSolution
		{895A0CBF-8FD1-46F5-84FE-8D8A058882D4}.BCM.001|Any CPU.ActiveCfg = Release|Any CPU
		{895A0CBF-8FD1-46F5-84FE-8D8A058882D4}.BCM.001|Any CPU.Build.0 = Release|Any CPU
		{895A0CBF-8FD1-46F5-84FE-8D8A058882D4}.BCM.Garland|Any CPU.ActiveCfg = Release|Any CPU
		{895A0CBF-8FD1-46F5-84FE-8D8A058882D4}.BCM.Garland|Any CPU.Build.0 = Release|Any CPU
		{895A0CBF-8FD1-46F5-84FE-8D8A058882D4}.BCM.MaryKay|Any CPU.ActiveCfg = Release|Any CPU
		{895A0CBF-8FD1-46F5-84FE-8D8A058882D4}.BCM.MaryKay|Any CPU.Build.0 = Release|Any CPU
		{895A0CBF-8FD1-46F5-84FE-8D8A058882D4}.BCM.Pec|Any CPU.ActiveCfg = Release|Any CPU
		{895A0CBF-8FD1-46F5-84FE-8D8A058882D4}.BCM.Pec|Any CPU.Build.0 = Release|Any CPU
		{895A0CBF-8FD1-46F5-84FE-8D8A058882D4}.Brinks|Any CPU.ActiveCfg = Release|Any CPU
		{895A0CBF-8FD1-46F5-84FE-8D8A058882D4}.Brinks|Any CPU.Build.0 = Release|Any CPU
		{895A0CBF-8FD1-46F5-84FE-8D8A058882D4}.Debug|Any CPU.ActiveCfg = Debug|Any CPU
		{895A0CBF-8FD1-46F5-84FE-8D8A058882D4}.Debug|Any CPU.Build.0 = Debug|Any CPU
		{895A0CBF-8FD1-46F5-84FE-8D8A058882D4}.Demo|Any CPU.ActiveCfg = Debug|Any CPU
		{895A0CBF-8FD1-46F5-84FE-8D8A058882D4}.Demo|Any CPU.Build.0 = Debug|Any CPU
		{895A0CBF-8FD1-46F5-84FE-8D8A058882D4}.Release|Any CPU.ActiveCfg = Release|Any CPU
		{895A0CBF-8FD1-46F5-84FE-8D8A058882D4}.Release|Any CPU.Build.0 = Release|Any CPU
		{895A0CBF-8FD1-46F5-84FE-8D8A058882D4}.Test|Any CPU.ActiveCfg = Release|Any CPU
		{895A0CBF-8FD1-46F5-84FE-8D8A058882D4}.Test|Any CPU.Build.0 = Release|Any CPU
		{85C01EF9-3CE0-4EBE-B519-C027C92939E1}.BCM.001|Any CPU.ActiveCfg = Release|Any CPU
		{85C01EF9-3CE0-4EBE-B519-C027C92939E1}.BCM.001|Any CPU.Build.0 = Release|Any CPU
		{85C01EF9-3CE0-4EBE-B519-C027C92939E1}.BCM.Garland|Any CPU.ActiveCfg = Release|Any CPU
		{85C01EF9-3CE0-4EBE-B519-C027C92939E1}.BCM.Garland|Any CPU.Build.0 = Release|Any CPU
		{85C01EF9-3CE0-4EBE-B519-C027C92939E1}.BCM.MaryKay|Any CPU.ActiveCfg = Release|Any CPU
		{85C01EF9-3CE0-4EBE-B519-C027C92939E1}.BCM.MaryKay|Any CPU.Build.0 = Release|Any CPU
		{85C01EF9-3CE0-4EBE-B519-C027C92939E1}.BCM.Pec|Any CPU.ActiveCfg = Release|Any CPU
		{85C01EF9-3CE0-4EBE-B519-C027C92939E1}.BCM.Pec|Any CPU.Build.0 = Release|Any CPU
		{85C01EF9-3CE0-4EBE-B519-C027C92939E1}.Brinks|Any CPU.ActiveCfg = Release|Any CPU
		{85C01EF9-3CE0-4EBE-B519-C027C92939E1}.Brinks|Any CPU.Build.0 = Release|Any CPU
		{85C01EF9-3CE0-4EBE-B519-C027C92939E1}.Debug|Any CPU.ActiveCfg = Debug|Any CPU
		{85C01EF9-3CE0-4EBE-B519-C027C92939E1}.Debug|Any CPU.Build.0 = Debug|Any CPU
		{85C01EF9-3CE0-4EBE-B519-C027C92939E1}.Demo|Any CPU.ActiveCfg = Debug|Any CPU
		{85C01EF9-3CE0-4EBE-B519-C027C92939E1}.Demo|Any CPU.Build.0 = Debug|Any CPU
		{85C01EF9-3CE0-4EBE-B519-C027C92939E1}.Release|Any CPU.ActiveCfg = Release|Any CPU
		{85C01EF9-3CE0-4EBE-B519-C027C92939E1}.Release|Any CPU.Build.0 = Release|Any CPU
		{85C01EF9-3CE0-4EBE-B519-C027C92939E1}.Test|Any CPU.ActiveCfg = Release|Any CPU
		{85C01EF9-3CE0-4EBE-B519-C027C92939E1}.Test|Any CPU.Build.0 = Release|Any CPU
		{480B49FB-D461-4FF9-BF3D-3716C9353903}.BCM.001|Any CPU.ActiveCfg = Release|Any CPU
		{480B49FB-D461-4FF9-BF3D-3716C9353903}.BCM.001|Any CPU.Build.0 = Release|Any CPU
		{480B49FB-D461-4FF9-BF3D-3716C9353903}.BCM.Garland|Any CPU.ActiveCfg = Release|Any CPU
		{480B49FB-D461-4FF9-BF3D-3716C9353903}.BCM.Garland|Any CPU.Build.0 = Release|Any CPU
		{480B49FB-D461-4FF9-BF3D-3716C9353903}.BCM.MaryKay|Any CPU.ActiveCfg = Release|Any CPU
		{480B49FB-D461-4FF9-BF3D-3716C9353903}.BCM.MaryKay|Any CPU.Build.0 = Release|Any CPU
		{480B49FB-D461-4FF9-BF3D-3716C9353903}.BCM.Pec|Any CPU.ActiveCfg = Release|Any CPU
		{480B49FB-D461-4FF9-BF3D-3716C9353903}.BCM.Pec|Any CPU.Build.0 = Release|Any CPU
		{480B49FB-D461-4FF9-BF3D-3716C9353903}.Brinks|Any CPU.ActiveCfg = Release|Any CPU
		{480B49FB-D461-4FF9-BF3D-3716C9353903}.Brinks|Any CPU.Build.0 = Release|Any CPU
		{480B49FB-D461-4FF9-BF3D-3716C9353903}.Debug|Any CPU.ActiveCfg = Debug|Any CPU
		{480B49FB-D461-4FF9-BF3D-3716C9353903}.Debug|Any CPU.Build.0 = Debug|Any CPU
		{480B49FB-D461-4FF9-BF3D-3716C9353903}.Demo|Any CPU.ActiveCfg = Debug|Any CPU
		{480B49FB-D461-4FF9-BF3D-3716C9353903}.Demo|Any CPU.Build.0 = Debug|Any CPU
		{480B49FB-D461-4FF9-BF3D-3716C9353903}.Release|Any CPU.ActiveCfg = Release|Any CPU
		{480B49FB-D461-4FF9-BF3D-3716C9353903}.Release|Any CPU.Build.0 = Release|Any CPU
		{480B49FB-D461-4FF9-BF3D-3716C9353903}.Test|Any CPU.ActiveCfg = Release|Any CPU
		{480B49FB-D461-4FF9-BF3D-3716C9353903}.Test|Any CPU.Build.0 = Release|Any CPU
		{5F7A6A1D-A1F1-42F6-861A-F59E1AB30AEE}.BCM.001|Any CPU.ActiveCfg = Release|Any CPU
		{5F7A6A1D-A1F1-42F6-861A-F59E1AB30AEE}.BCM.001|Any CPU.Build.0 = Release|Any CPU
		{5F7A6A1D-A1F1-42F6-861A-F59E1AB30AEE}.BCM.Garland|Any CPU.ActiveCfg = Release|Any CPU
		{5F7A6A1D-A1F1-42F6-861A-F59E1AB30AEE}.BCM.Garland|Any CPU.Build.0 = Release|Any CPU
		{5F7A6A1D-A1F1-42F6-861A-F59E1AB30AEE}.BCM.MaryKay|Any CPU.ActiveCfg = Release|Any CPU
		{5F7A6A1D-A1F1-42F6-861A-F59E1AB30AEE}.BCM.MaryKay|Any CPU.Build.0 = Release|Any CPU
		{5F7A6A1D-A1F1-42F6-861A-F59E1AB30AEE}.BCM.Pec|Any CPU.ActiveCfg = Release|Any CPU
		{5F7A6A1D-A1F1-42F6-861A-F59E1AB30AEE}.BCM.Pec|Any CPU.Build.0 = Release|Any CPU
		{5F7A6A1D-A1F1-42F6-861A-F59E1AB30AEE}.Brinks|Any CPU.ActiveCfg = Release|Any CPU
		{5F7A6A1D-A1F1-42F6-861A-F59E1AB30AEE}.Brinks|Any CPU.Build.0 = Release|Any CPU
		{5F7A6A1D-A1F1-42F6-861A-F59E1AB30AEE}.Debug|Any CPU.ActiveCfg = Debug|Any CPU
		{5F7A6A1D-A1F1-42F6-861A-F59E1AB30AEE}.Debug|Any CPU.Build.0 = Debug|Any CPU
		{5F7A6A1D-A1F1-42F6-861A-F59E1AB30AEE}.Demo|Any CPU.ActiveCfg = Debug|Any CPU
		{5F7A6A1D-A1F1-42F6-861A-F59E1AB30AEE}.Demo|Any CPU.Build.0 = Debug|Any CPU
		{5F7A6A1D-A1F1-42F6-861A-F59E1AB30AEE}.Release|Any CPU.ActiveCfg = Release|Any CPU
		{5F7A6A1D-A1F1-42F6-861A-F59E1AB30AEE}.Release|Any CPU.Build.0 = Release|Any CPU
		{5F7A6A1D-A1F1-42F6-861A-F59E1AB30AEE}.Test|Any CPU.ActiveCfg = Release|Any CPU
		{5F7A6A1D-A1F1-42F6-861A-F59E1AB30AEE}.Test|Any CPU.Build.0 = Release|Any CPU
		{F16506D5-AE26-4243-9A05-4249B9A41F83}.BCM.001|Any CPU.ActiveCfg = Release|Any CPU
		{F16506D5-AE26-4243-9A05-4249B9A41F83}.BCM.001|Any CPU.Build.0 = Release|Any CPU
		{F16506D5-AE26-4243-9A05-4249B9A41F83}.BCM.Garland|Any CPU.ActiveCfg = Release|Any CPU
		{F16506D5-AE26-4243-9A05-4249B9A41F83}.BCM.Garland|Any CPU.Build.0 = Release|Any CPU
		{F16506D5-AE26-4243-9A05-4249B9A41F83}.BCM.MaryKay|Any CPU.ActiveCfg = Release|Any CPU
		{F16506D5-AE26-4243-9A05-4249B9A41F83}.BCM.MaryKay|Any CPU.Build.0 = Release|Any CPU
		{F16506D5-AE26-4243-9A05-4249B9A41F83}.BCM.Pec|Any CPU.ActiveCfg = Release|Any CPU
		{F16506D5-AE26-4243-9A05-4249B9A41F83}.BCM.Pec|Any CPU.Build.0 = Release|Any CPU
		{F16506D5-AE26-4243-9A05-4249B9A41F83}.Brinks|Any CPU.ActiveCfg = Release|Any CPU
		{F16506D5-AE26-4243-9A05-4249B9A41F83}.Brinks|Any CPU.Build.0 = Release|Any CPU
		{F16506D5-AE26-4243-9A05-4249B9A41F83}.Debug|Any CPU.ActiveCfg = Debug|Any CPU
		{F16506D5-AE26-4243-9A05-4249B9A41F83}.Debug|Any CPU.Build.0 = Debug|Any CPU
		{F16506D5-AE26-4243-9A05-4249B9A41F83}.Demo|Any CPU.ActiveCfg = Debug|Any CPU
		{F16506D5-AE26-4243-9A05-4249B9A41F83}.Demo|Any CPU.Build.0 = Debug|Any CPU
		{F16506D5-AE26-4243-9A05-4249B9A41F83}.Release|Any CPU.ActiveCfg = Release|Any CPU
		{F16506D5-AE26-4243-9A05-4249B9A41F83}.Release|Any CPU.Build.0 = Release|Any CPU
		{F16506D5-AE26-4243-9A05-4249B9A41F83}.Test|Any CPU.ActiveCfg = Release|Any CPU
		{F16506D5-AE26-4243-9A05-4249B9A41F83}.Test|Any CPU.Build.0 = Release|Any CPU
	EndGlobalSection
	GlobalSection(SolutionProperties) = preSolution
		HideSolutionNode = FALSE
	EndGlobalSection
	GlobalSection(NestedProjects) = preSolution
		{895A0CBF-8FD1-46F5-84FE-8D8A058882D4} = {5FC6666B-82E8-4909-836C-5496811527F2}
		{85C01EF9-3CE0-4EBE-B519-C027C92939E1} = {5FC6666B-82E8-4909-836C-5496811527F2}
		{480B49FB-D461-4FF9-BF3D-3716C9353903} = {5FC6666B-82E8-4909-836C-5496811527F2}
		{5F7A6A1D-A1F1-42F6-861A-F59E1AB30AEE} = {185BCCBA-0E4D-4F80-A274-D563EC3A35E0}
		{F16506D5-AE26-4243-9A05-4249B9A41F83} = {185BCCBA-0E4D-4F80-A274-D563EC3A35E0}
	EndGlobalSection
EndGlobal
