
Microsoft Visual Studio Solution File, Format Version 12.00
# Visual Studio 14
VisualStudioVersion = 14.0.24720.0
MinimumVisualStudioVersion = 10.0.40219.1
Project("{FAE04EC0-301F-11D3-BF4B-00C04F79EFBC}") = "c3o.Logger.Data", "c3o.Logger.Data\c3o.Logger.Data.csproj", "{31F13DA5-3F60-488B-B925-E96F546774C1}"
EndProject
Project("{FAE04EC0-301F-11D3-BF4B-00C04F79EFBC}") = "c3o.Logger.Api", "c3o.Logger.Api\c3o.Logger.Api.csproj", "{E502D4FD-DC87-4BF9-AF05-5E67C1F7D72C}"
EndProject
Project("{FAE04EC0-301F-11D3-BF4B-00C04F79EFBC}") = "c3o.Logger.Core", "c3o.Logger.Core\c3o.Logger.Core.csproj", "{F69A1847-085B-4CAA-A070-21AD8FB024FE}"
EndProject
Project("{FAE04EC0-301F-11D3-BF4B-00C04F79EFBC}") = "c3o.Logger.Instance", "c3o.Logger.Instance\c3o.Logger.Instance.csproj", "{D051931A-4C3A-4936-82C7-FBA7C43723AF}"
EndProject
Project("{FAE04EC0-301F-11D3-BF4B-00C04F79EFBC}") = "Elmah.Net", "Elmah.Net\Elmah.Net.csproj", "{FABDB57A-F9E8-430D-B4CA-F106C4DF7AE7}"
EndProject
Global
	GlobalSection(SubversionScc) = preSolution
		Svn-Managed = True
		Manager = AnkhSVN - Subversion Support for Visual Studio
	EndGlobalSection
	GlobalSection(SolutionConfigurationPlatforms) = preSolution
		BCM.001|Any CPU = BCM.001|Any CPU
		BCM.Garland|Any CPU = BCM.Garland|Any CPU
		BCM.MaryKay|Any CPU = BCM.MaryKay|Any CPU
		BCM.Pec|Any CPU = BCM.Pec|Any CPU
		Brinks|Any CPU = Brinks|Any CPU
		Debug|Any CPU = Debug|Any CPU
		Demo|Any CPU = Demo|Any CPU
		Release|Any CPU = Release|Any CPU
		Test|Any CPU = Test|Any CPU
	EndGlobalSection
	GlobalSection(ProjectConfigurationPlatforms) = postSolution
		{31F13DA5-3F60-488B-B925-E96F546774C1}.BCM.001|Any CPU.ActiveCfg = Release|Any CPU
		{31F13DA5-3F60-488B-B925-E96F546774C1}.BCM.001|Any CPU.Build.0 = Release|Any CPU
		{31F13DA5-3F60-488B-B925-E96F546774C1}.BCM.Garland|Any CPU.ActiveCfg = Release|Any CPU
		{31F13DA5-3F60-488B-B925-E96F546774C1}.BCM.Garland|Any CPU.Build.0 = Release|Any CPU
		{31F13DA5-3F60-488B-B925-E96F546774C1}.BCM.MaryKay|Any CPU.ActiveCfg = Release|Any CPU
		{31F13DA5-3F60-488B-B925-E96F546774C1}.BCM.MaryKay|Any CPU.Build.0 = Release|Any CPU
		{31F13DA5-3F60-488B-B925-E96F546774C1}.BCM.Pec|Any CPU.ActiveCfg = Release|Any CPU
		{31F13DA5-3F60-488B-B925-E96F546774C1}.BCM.Pec|Any CPU.Build.0 = Release|Any CPU
		{31F13DA5-3F60-488B-B925-E96F546774C1}.Brinks|Any CPU.ActiveCfg = Release|Any CPU
		{31F13DA5-3F60-488B-B925-E96F546774C1}.Brinks|Any CPU.Build.0 = Release|Any CPU
		{31F13DA5-3F60-488B-B925-E96F546774C1}.Debug|Any CPU.ActiveCfg = Debug|Any CPU
		{31F13DA5-3F60-488B-B925-E96F546774C1}.Debug|Any CPU.Build.0 = Debug|Any CPU
		{31F13DA5-3F60-488B-B925-E96F546774C1}.Demo|Any CPU.ActiveCfg = Debug|Any CPU
		{31F13DA5-3F60-488B-B925-E96F546774C1}.Demo|Any CPU.Build.0 = Debug|Any CPU
		{31F13DA5-3F60-488B-B925-E96F546774C1}.Release|Any CPU.ActiveCfg = Release|Any CPU
		{31F13DA5-3F60-488B-B925-E96F546774C1}.Release|Any CPU.Build.0 = Release|Any CPU
		{31F13DA5-3F60-488B-B925-E96F546774C1}.Test|Any CPU.ActiveCfg = Release|Any CPU
		{31F13DA5-3F60-488B-B925-E96F546774C1}.Test|Any CPU.Build.0 = Release|Any CPU
		{E502D4FD-DC87-4BF9-AF05-5E67C1F7D72C}.BCM.001|Any CPU.ActiveCfg = Release|Any CPU
		{E502D4FD-DC87-4BF9-AF05-5E67C1F7D72C}.BCM.001|Any CPU.Build.0 = Release|Any CPU
		{E502D4FD-DC87-4BF9-AF05-5E67C1F7D72C}.BCM.Garland|Any CPU.ActiveCfg = Release|Any CPU
		{E502D4FD-DC87-4BF9-AF05-5E67C1F7D72C}.BCM.Garland|Any CPU.Build.0 = Release|Any CPU
		{E502D4FD-DC87-4BF9-AF05-5E67C1F7D72C}.BCM.MaryKay|Any CPU.ActiveCfg = Release|Any CPU
		{E502D4FD-DC87-4BF9-AF05-5E67C1F7D72C}.BCM.MaryKay|Any CPU.Build.0 = Release|Any CPU
		{E502D4FD-DC87-4BF9-AF05-5E67C1F7D72C}.BCM.Pec|Any CPU.ActiveCfg = Release|Any CPU
		{E502D4FD-DC87-4BF9-AF05-5E67C1F7D72C}.BCM.Pec|Any CPU.Build.0 = Release|Any CPU
		{E502D4FD-DC87-4BF9-AF05-5E67C1F7D72C}.Brinks|Any CPU.ActiveCfg = Release|Any CPU
		{E502D4FD-DC87-4BF9-AF05-5E67C1F7D72C}.Brinks|Any CPU.Build.0 = Release|Any CPU
		{E502D4FD-DC87-4BF9-AF05-5E67C1F7D72C}.Debug|Any CPU.ActiveCfg = Debug|Any CPU
		{E502D4FD-DC87-4BF9-AF05-5E67C1F7D72C}.Debug|Any CPU.Build.0 = Debug|Any CPU
		{E502D4FD-DC87-4BF9-AF05-5E67C1F7D72C}.Demo|Any CPU.ActiveCfg = Debug|Any CPU
		{E502D4FD-DC87-4BF9-AF05-5E67C1F7D72C}.Demo|Any CPU.Build.0 = Debug|Any CPU
		{E502D4FD-DC87-4BF9-AF05-5E67C1F7D72C}.Release|Any CPU.ActiveCfg = Release|Any CPU
		{E502D4FD-DC87-4BF9-AF05-5E67C1F7D72C}.Release|Any CPU.Build.0 = Release|Any CPU
		{E502D4FD-DC87-4BF9-AF05-5E67C1F7D72C}.Test|Any CPU.ActiveCfg = Release|Any CPU
		{E502D4FD-DC87-4BF9-AF05-5E67C1F7D72C}.Test|Any CPU.Build.0 = Release|Any CPU
		{F69A1847-085B-4CAA-A070-21AD8FB024FE}.BCM.001|Any CPU.ActiveCfg = Release|Any CPU
		{F69A1847-085B-4CAA-A070-21AD8FB024FE}.BCM.001|Any CPU.Build.0 = Release|Any CPU
		{F69A1847-085B-4CAA-A070-21AD8FB024FE}.BCM.Garland|Any CPU.ActiveCfg = Release|Any CPU
		{F69A1847-085B-4CAA-A070-21AD8FB024FE}.BCM.Garland|Any CPU.Build.0 = Release|Any CPU
		{F69A1847-085B-4CAA-A070-21AD8FB024FE}.BCM.MaryKay|Any CPU.ActiveCfg = Release|Any CPU
		{F69A1847-085B-4CAA-A070-21AD8FB024FE}.BCM.MaryKay|Any CPU.Build.0 = Release|Any CPU
		{F69A1847-085B-4CAA-A070-21AD8FB024FE}.BCM.Pec|Any CPU.ActiveCfg = Release|Any CPU
		{F69A1847-085B-4CAA-A070-21AD8FB024FE}.BCM.Pec|Any CPU.Build.0 = Release|Any CPU
		{F69A1847-085B-4CAA-A070-21AD8FB024FE}.Brinks|Any CPU.ActiveCfg = Release|Any CPU
		{F69A1847-085B-4CAA-A070-21AD8FB024FE}.Brinks|Any CPU.Build.0 = Release|Any CPU
		{F69A1847-085B-4CAA-A070-21AD8FB024FE}.Debug|Any CPU.ActiveCfg = Debug|Any CPU
		{F69A1847-085B-4CAA-A070-21AD8FB024FE}.Debug|Any CPU.Build.0 = Debug|Any CPU
		{F69A1847-085B-4CAA-A070-21AD8FB024FE}.Demo|Any CPU.ActiveCfg = Debug|Any CPU
		{F69A1847-085B-4CAA-A070-21AD8FB024FE}.Demo|Any CPU.Build.0 = Debug|Any CPU
		{F69A1847-085B-4CAA-A070-21AD8FB024FE}.Release|Any CPU.ActiveCfg = Release|Any CPU
		{F69A1847-085B-4CAA-A070-21AD8FB024FE}.Release|Any CPU.Build.0 = Release|Any CPU
		{F69A1847-085B-4CAA-A070-21AD8FB024FE}.Test|Any CPU.ActiveCfg = Release|Any CPU
		{F69A1847-085B-4CAA-A070-21AD8FB024FE}.Test|Any CPU.Build.0 = Release|Any CPU
		{D051931A-4C3A-4936-82C7-FBA7C43723AF}.BCM.001|Any CPU.ActiveCfg = Release|Any CPU
		{D051931A-4C3A-4936-82C7-FBA7C43723AF}.BCM.001|Any CPU.Build.0 = Release|Any CPU
		{D051931A-4C3A-4936-82C7-FBA7C43723AF}.BCM.Garland|Any CPU.ActiveCfg = Release|Any CPU
		{D051931A-4C3A-4936-82C7-FBA7C43723AF}.BCM.Garland|Any CPU.Build.0 = Release|Any CPU
		{D051931A-4C3A-4936-82C7-FBA7C43723AF}.BCM.MaryKay|Any CPU.ActiveCfg = Release|Any CPU
		{D051931A-4C3A-4936-82C7-FBA7C43723AF}.BCM.MaryKay|Any CPU.Build.0 = Release|Any CPU
		{D051931A-4C3A-4936-82C7-FBA7C43723AF}.BCM.Pec|Any CPU.ActiveCfg = Release|Any CPU
		{D051931A-4C3A-4936-82C7-FBA7C43723AF}.BCM.Pec|Any CPU.Build.0 = Release|Any CPU
		{D051931A-4C3A-4936-82C7-FBA7C43723AF}.Brinks|Any CPU.ActiveCfg = Release|Any CPU
		{D051931A-4C3A-4936-82C7-FBA7C43723AF}.Brinks|Any CPU.Build.0 = Release|Any CPU
		{D051931A-4C3A-4936-82C7-FBA7C43723AF}.Debug|Any CPU.ActiveCfg = Debug|Any CPU
		{D051931A-4C3A-4936-82C7-FBA7C43723AF}.Debug|Any CPU.Build.0 = Debug|Any CPU
		{D051931A-4C3A-4936-82C7-FBA7C43723AF}.Demo|Any CPU.ActiveCfg = Debug|Any CPU
		{D051931A-4C3A-4936-82C7-FBA7C43723AF}.Demo|Any CPU.Build.0 = Debug|Any CPU
		{D051931A-4C3A-4936-82C7-FBA7C43723AF}.Release|Any CPU.ActiveCfg = Release|Any CPU
		{D051931A-4C3A-4936-82C7-FBA7C43723AF}.Release|Any CPU.Build.0 = Release|Any CPU
		{D051931A-4C3A-4936-82C7-FBA7C43723AF}.Test|Any CPU.ActiveCfg = Release|Any CPU
		{D051931A-4C3A-4936-82C7-FBA7C43723AF}.Test|Any CPU.Build.0 = Release|Any CPU
		{FABDB57A-F9E8-430D-B4CA-F106C4DF7AE7}.BCM.001|Any CPU.ActiveCfg = Release|Any CPU
		{FABDB57A-F9E8-430D-B4CA-F106C4DF7AE7}.BCM.001|Any CPU.Build.0 = Release|Any CPU
		{FABDB57A-F9E8-430D-B4CA-F106C4DF7AE7}.BCM.Garland|Any CPU.ActiveCfg = Release|Any CPU
		{FABDB57A-F9E8-430D-B4CA-F106C4DF7AE7}.BCM.Garland|Any CPU.Build.0 = Release|Any CPU
		{FABDB57A-F9E8-430D-B4CA-F106C4DF7AE7}.BCM.MaryKay|Any CPU.ActiveCfg = Release|Any CPU
		{FABDB57A-F9E8-430D-B4CA-F106C4DF7AE7}.BCM.MaryKay|Any CPU.Build.0 = Release|Any CPU
		{FABDB57A-F9E8-430D-B4CA-F106C4DF7AE7}.BCM.Pec|Any CPU.ActiveCfg = Release|Any CPU
		{FABDB57A-F9E8-430D-B4CA-F106C4DF7AE7}.BCM.Pec|Any CPU.Build.0 = Release|Any CPU
		{FABDB57A-F9E8-430D-B4CA-F106C4DF7AE7}.Brinks|Any CPU.ActiveCfg = Release|Any CPU
		{FABDB57A-F9E8-430D-B4CA-F106C4DF7AE7}.Brinks|Any CPU.Build.0 = Release|Any CPU
		{FABDB57A-F9E8-430D-B4CA-F106C4DF7AE7}.Debug|Any CPU.ActiveCfg = Debug|Any CPU
		{FABDB57A-F9E8-430D-B4CA-F106C4DF7AE7}.Debug|Any CPU.Build.0 = Debug|Any CPU
		{FABDB57A-F9E8-430D-B4CA-F106C4DF7AE7}.Demo|Any CPU.ActiveCfg = Debug|Any CPU
		{FABDB57A-F9E8-430D-B4CA-F106C4DF7AE7}.Demo|Any CPU.Build.0 = Debug|Any CPU
		{FABDB57A-F9E8-430D-B4CA-F106C4DF7AE7}.Release|Any CPU.ActiveCfg = Release|Any CPU
		{FABDB57A-F9E8-430D-B4CA-F106C4DF7AE7}.Release|Any CPU.Build.0 = Release|Any CPU
		{FABDB57A-F9E8-430D-B4CA-F106C4DF7AE7}.Test|Any CPU.ActiveCfg = Release|Any CPU
		{FABDB57A-F9E8-430D-B4CA-F106C4DF7AE7}.Test|Any CPU.Build.0 = Release|Any CPU
	EndGlobalSection
	GlobalSection(SolutionProperties) = preSolution
		HideSolutionNode = FALSE
	EndGlobalSection
EndGlobal
